
Microsoft Visual Studio Solution File, Format Version 12.00
# Visual Studio 15
VisualStudioVersion = 15.0.28010.0
MinimumVisualStudioVersion = 10.0.40219.1
Project("{9A19103F-16F7-4668-BE54-9A1E7A4F7556}") = "checkers_test", "checkers_test\checkers_test.csproj", "{FC0CAC76-BE27-4E48-A639-D2FFCF64B4DE}"
EndProject
Project("{9A19103F-16F7-4668-BE54-9A1E7A4F7556}") = "checkers", "checkers\checkers.csproj", "{AE8419C9-E964-4609-96EC-9FB0D6687D59}"
EndProject
Global
	GlobalSection(SolutionConfigurationPlatforms) = preSolution
		Debug|Any CPU = Debug|Any CPU
		Release|Any CPU = Release|Any CPU
	EndGlobalSection
	GlobalSection(ProjectConfigurationPlatforms) = postSolution
		{FC0CAC76-BE27-4E48-A639-D2FFCF64B4DE}.Debug|Any CPU.ActiveCfg = Debug|Any CPU
		{FC0CAC76-BE27-4E48-A639-D2FFCF64B4DE}.Debug|Any CPU.Build.0 = Debug|Any CPU
		{FC0CAC76-BE27-4E48-A639-D2FFCF64B4DE}.Release|Any CPU.ActiveCfg = Release|Any CPU
		{FC0CAC76-BE27-4E48-A639-D2FFCF64B4DE}.Release|Any CPU.Build.0 = Release|Any CPU
		{AE8419C9-E964-4609-96EC-9FB0D6687D59}.Debug|Any CPU.ActiveCfg = Debug|Any CPU
		{AE8419C9-E964-4609-96EC-9FB0D6687D59}.Debug|Any CPU.Build.0 = Debug|Any CPU
		{AE8419C9-E964-4609-96EC-9FB0D6687D59}.Release|Any CPU.ActiveCfg = Release|Any CPU
		{AE8419C9-E964-4609-96EC-9FB0D6687D59}.Release|Any CPU.Build.0 = Release|Any CPU
	EndGlobalSection
	GlobalSection(SolutionProperties) = preSolution
		HideSolutionNode = FALSE
	EndGlobalSection
	GlobalSection(ExtensibilityGlobals) = postSolution
		SolutionGuid = {6EDF974A-8032-46C2-9634-E39EF07FB7D9}
	EndGlobalSection
EndGlobal
